
Microsoft Visual Studio Solution File, Format Version 12.00
# Visual Studio 15
VisualStudioVersion = 15.0.28307.1169
MinimumVisualStudioVersion = 10.0.40219.1
Project("{FAE04EC0-301F-11D3-BF4B-00C04F79EFBC}") = "Site.MVC.UI", "Site.MVC.UI\Site.MVC.UI.csproj", "{97406C45-7B5B-491E-BAE1-E691846F2CCA}"
EndProject
Global
	GlobalSection(SolutionConfigurationPlatforms) = preSolution
		Debug|Any CPU = Debug|Any CPU
		Release|Any CPU = Release|Any CPU
	EndGlobalSection
	GlobalSection(ProjectConfigurationPlatforms) = postSolution
		{97406C45-7B5B-491E-BAE1-E691846F2CCA}.Debug|Any CPU.ActiveCfg = Debug|Any CPU
		{97406C45-7B5B-491E-BAE1-E691846F2CCA}.Debug|Any CPU.Build.0 = Debug|Any CPU
		{97406C45-7B5B-491E-BAE1-E691846F2CCA}.Release|Any CPU.ActiveCfg = Release|Any CPU
		{97406C45-7B5B-491E-BAE1-E691846F2CCA}.Release|Any CPU.Build.0 = Release|Any CPU
	EndGlobalSection
	GlobalSection(SolutionProperties) = preSolution
		HideSolutionNode = FALSE
	EndGlobalSection
	GlobalSection(ExtensibilityGlobals) = postSolution
		SolutionGuid = {8D0D4866-AB96-45DC-A9E5-21C6354900E4}
	EndGlobalSection
EndGlobal
